
Microsoft Visual Studio Solution File, Format Version 12.00
# Visual Studio Version 16
VisualStudioVersion = 16.0.29411.138
MinimumVisualStudioVersion = 10.0.40219.1
Project("{9A19103F-16F7-4668-BE54-9A1E7A4F7556}") = "Untappd.KolosBot", "Untappd.KolosBot\Untappd.KolosBot.csproj", "{7C205C37-B5AE-4FD8-93A5-7A9B3FF50B08}"
EndProject
Project("{9A19103F-16F7-4668-BE54-9A1E7A4F7556}") = "Untappd.KolosBot.Infrastucture", "Untappd.KolosBot.Infrastucture\Untappd.KolosBot.Infrastucture.csproj", "{943DBDB0-E83C-4BAB-926F-F53C14EAC63C}"
EndProject
Project("{E53339B2-1760-4266-BCC7-CA923CBCF16C}") = "docker-compose", "docker-compose.dcproj", "{0E03240E-7536-4794-8CAD-5E9913234232}"
EndProject
Global
	GlobalSection(SolutionConfigurationPlatforms) = preSolution
		Debug|Any CPU = Debug|Any CPU
		Release|Any CPU = Release|Any CPU
	EndGlobalSection
	GlobalSection(ProjectConfigurationPlatforms) = postSolution
		{7C205C37-B5AE-4FD8-93A5-7A9B3FF50B08}.Debug|Any CPU.ActiveCfg = Debug|Any CPU
		{7C205C37-B5AE-4FD8-93A5-7A9B3FF50B08}.Debug|Any CPU.Build.0 = Debug|Any CPU
		{7C205C37-B5AE-4FD8-93A5-7A9B3FF50B08}.Release|Any CPU.ActiveCfg = Release|Any CPU
		{7C205C37-B5AE-4FD8-93A5-7A9B3FF50B08}.Release|Any CPU.Build.0 = Release|Any CPU
		{943DBDB0-E83C-4BAB-926F-F53C14EAC63C}.Debug|Any CPU.ActiveCfg = Debug|Any CPU
		{943DBDB0-E83C-4BAB-926F-F53C14EAC63C}.Debug|Any CPU.Build.0 = Debug|Any CPU
		{943DBDB0-E83C-4BAB-926F-F53C14EAC63C}.Release|Any CPU.ActiveCfg = Release|Any CPU
		{943DBDB0-E83C-4BAB-926F-F53C14EAC63C}.Release|Any CPU.Build.0 = Release|Any CPU
		{0E03240E-7536-4794-8CAD-5E9913234232}.Debug|Any CPU.ActiveCfg = Debug|Any CPU
		{0E03240E-7536-4794-8CAD-5E9913234232}.Debug|Any CPU.Build.0 = Debug|Any CPU
		{0E03240E-7536-4794-8CAD-5E9913234232}.Release|Any CPU.ActiveCfg = Release|Any CPU
		{0E03240E-7536-4794-8CAD-5E9913234232}.Release|Any CPU.Build.0 = Release|Any CPU
	EndGlobalSection
	GlobalSection(SolutionProperties) = preSolution
		HideSolutionNode = FALSE
	EndGlobalSection
	GlobalSection(ExtensibilityGlobals) = postSolution
		SolutionGuid = {4F91C01B-A47D-40E9-84BD-002C68E7463A}
	EndGlobalSection
EndGlobal
